
Microsoft Visual Studio Solution File, Format Version 12.00
# Visual Studio Version 16
VisualStudioVersion = 16.0.30413.136
MinimumVisualStudioVersion = 10.0.40219.1
Project("{FAE04EC0-301F-11D3-BF4B-00C04F79EFBC}") = "VoiceEmailSenderForBlind", "VoiceEmailSenderForBlind\VoiceEmailSenderForBlind.csproj", "{DD179E51-F4AD-4112-8A0F-C169D04B36FD}"
EndProject
Global
	GlobalSection(SolutionConfigurationPlatforms) = preSolution
		Debug|Any CPU = Debug|Any CPU
		Release|Any CPU = Release|Any CPU
	EndGlobalSection
	GlobalSection(ProjectConfigurationPlatforms) = postSolution
		{DD179E51-F4AD-4112-8A0F-C169D04B36FD}.Debug|Any CPU.ActiveCfg = Debug|Any CPU
		{DD179E51-F4AD-4112-8A0F-C169D04B36FD}.Debug|Any CPU.Build.0 = Debug|Any CPU
		{DD179E51-F4AD-4112-8A0F-C169D04B36FD}.Release|Any CPU.ActiveCfg = Release|Any CPU
		{DD179E51-F4AD-4112-8A0F-C169D04B36FD}.Release|Any CPU.Build.0 = Release|Any CPU
	EndGlobalSection
	GlobalSection(SolutionProperties) = preSolution
		HideSolutionNode = FALSE
	EndGlobalSection
	GlobalSection(ExtensibilityGlobals) = postSolution
		SolutionGuid = {CDEC98E7-7F09-4E7B-98C2-DAD9395EB0EA}
	EndGlobalSection
EndGlobal
